
Microsoft Visual Studio Solution File, Format Version 12.00
# Visual Studio 15
VisualStudioVersion = 15.0.27428.2043
MinimumVisualStudioVersion = 10.0.40219.1
Project("{FAE04EC0-301F-11D3-BF4B-00C04F79EFBC}") = "Task2", "Task2\Task2.csproj", "{49BE4A8C-8878-4A69-8AEE-B6E5B2F3FF1D}"
EndProject
Global
	GlobalSection(SolutionConfigurationPlatforms) = preSolution
		Debug|Any CPU = Debug|Any CPU
		Release|Any CPU = Release|Any CPU
	EndGlobalSection
	GlobalSection(ProjectConfigurationPlatforms) = postSolution
		{49BE4A8C-8878-4A69-8AEE-B6E5B2F3FF1D}.Debug|Any CPU.ActiveCfg = Debug|Any CPU
		{49BE4A8C-8878-4A69-8AEE-B6E5B2F3FF1D}.Debug|Any CPU.Build.0 = Debug|Any CPU
		{49BE4A8C-8878-4A69-8AEE-B6E5B2F3FF1D}.Release|Any CPU.ActiveCfg = Release|Any CPU
		{49BE4A8C-8878-4A69-8AEE-B6E5B2F3FF1D}.Release|Any CPU.Build.0 = Release|Any CPU
	EndGlobalSection
	GlobalSection(SolutionProperties) = preSolution
		HideSolutionNode = FALSE
	EndGlobalSection
	GlobalSection(ExtensibilityGlobals) = postSolution
		SolutionGuid = {E932E2BA-471F-44D8-8CD4-9932E1E9A609}
	EndGlobalSection
EndGlobal
